// !$*UTF8*$!
{
	archiveVersion = 1;
	classes = {
	};
	objectVersion = 46;
	objects = {

/* Begin PBXBuildFile section */
		4733877B1CFB886200FB8D19 /* AppDelegate.swift in Sources */ = {isa = PBXBuildFile; fileRef = 4733877A1CFB886200FB8D19 /* AppDelegate.swift */; };
		4733877D1CFB886200FB8D19 /* ViewController.swift in Sources */ = {isa = PBXBuildFile; fileRef = 4733877C1CFB886200FB8D19 /* ViewController.swift */; };
		473387801CFB886200FB8D19 /* Main.storyboard in Resources */ = {isa = PBXBuildFile; fileRef = 4733877E1CFB886200FB8D19 /* Main.storyboard */; };
		473387821CFB886200FB8D19 /* Assets.xcassets in Resources */ = {isa = PBXBuildFile; fileRef = 473387811CFB886200FB8D19 /* Assets.xcassets */; };
		473387851CFB886200FB8D19 /* LaunchScreen.storyboard in Resources */ = {isa = PBXBuildFile; fileRef = 473387831CFB886200FB8D19 /* LaunchScreen.storyboard */; };
/* End PBXBuildFile section */

/* Begin PBXFileReference section */
		473387771CFB886100FB8D19 /* storageApp.app */ = {isa = PBXFileReference; explicitFileType = wrapper.application; includeInIndex = 0; path = storageApp.app; sourceTree = BUILT_PRODUCTS_DIR; };
		4733877A1CFB886200FB8D19 /* AppDelegate.swift */ = {isa = PBXFileReference; lastKnownFileType = sourcecode.swift; path = AppDelegate.swift; sourceTree = "<group>"; };
		4733877C1CFB886200FB8D19 /* ViewController.swift */ = {isa = PBXFileReference; lastKnownFileType = sourcecode.swift; path = ViewController.swift; sourceTree = "<group>"; };
		4733877F1CFB886200FB8D19 /* Base */ = {isa = PBXFileReference; lastKnownFileType = file.storyboard; name = Base; path = Base.lproj/Main.storyboard; sourceTree = "<group>"; };
		473387811CFB886200FB8D19 /* Assets.xcassets */ = {isa = PBXFileReference; lastKnownFileType = folder.assetcatalog; path = Assets.xcassets; sourceTree = "<group>"; };
		473387841CFB886200FB8D19 /* Base */ = {isa = PBXFileReference; lastKnownFileType = file.storyboard; name = Base; path = Base.lproj/LaunchScreen.storyboard; sourceTree = "<group>"; };
		473387861CFB886200FB8D19 /* Info.plist */ = {isa = PBXFileReference; lastKnownFileType = text.plist.xml; path = Info.plist; sourceTree = "<group>"; };
/* End PBXFileReference section */

/* Begin PBXFrameworksBuildPhase section */
		473387741CFB886100FB8D19 /* Frameworks */ = {
			isa = PBXFrameworksBuildPhase;
			buildActionMask = 2147483647;
			files = (
			);
			runOnlyForDeploymentPostprocessing = 0;
		};
/* End PBXFrameworksBuildPhase section */

/* Begin PBXGroup section */
		4733876E1CFB886100FB8D19 = {
			isa = PBXGroup;
			children = (
				473387791CFB886200FB8D19 /* storageApp */,
				473387781CFB886100FB8D19 /* Products */,
			);
			sourceTree = "<group>";
		};
		473387781CFB886100FB8D19 /* Products */ = {
			isa = PBXGroup;
			children = (
				473387771CFB886100FB8D19 /* storageApp.app */,
			);
			name = Products;
			sourceTree = "<group>";
		};
		473387791CFB886200FB8D19 /* storageApp */ = {
			isa = PBXGroup;
			children = (
				4733877A1CFB886200FB8D19 /* AppDelegate.swift */,
				4733877C1CFB886200FB8D19 /* ViewController.swift */,
				4733877E1CFB886200FB8D19 /* Main.storyboard */,
				473387811CFB886200FB8D19 /* Assets.xcassets */,
				473387831CFB886200FB8D19 /* LaunchScreen.storyboard */,
				473387861CFB886200FB8D19 /* Info.plist */,
			);
			path = storageApp;
			sourceTree = "<group>";
		};
/* End PBXGroup section */

/* Begin PBXNativeTarget section */
		473387761CFB886100FB8D19 /* storageApp */ = {
			isa = PBXNativeTarget;
			buildConfigurationList = 473387891CFB886200FB8D19 /* Build configuration list for PBXNativeTarget "storageApp" */;
			buildPhases = (
				473387731CFB886100FB8D19 /* Sources */,
				473387741CFB886100FB8D19 /* Frameworks */,
				473387751CFB886100FB8D19 /* Resources */,
			);
			buildRules = (
			);
			dependencies = (
			);
			name = storageApp;
			productName = storageApp;
			productReference = 473387771CFB886100FB8D19 /* storageApp.app */;
			productType = "com.apple.product-type.application";
		};
/* End PBXNativeTarget section */

/* Begin PBXProject section */
		4733876F1CFB886100FB8D19 /* Project object */ = {
			isa = PBXProject;
			attributes = {
				LastSwiftUpdateCheck = 0730;
				LastUpgradeCheck = 0730;
				ORGANIZATIONNAME = "Brock Oberhansley";
				TargetAttributes = {
					473387761CFB886100FB8D19 = {
						CreatedOnToolsVersion = 7.3.1;
					};
				};
			};
			buildConfigurationList = 473387721CFB886100FB8D19 /* Build configuration list for PBXProject "storageApp" */;
			compatibilityVersion = "Xcode 3.2";
			developmentRegion = English;
			hasScannedForEncodings = 0;
			knownRegions = (
				en,
				Base,
			);
			mainGroup = 4733876E1CFB886100FB8D19;
			productRefGroup = 473387781CFB886100FB8D19 /* Products */;
			projectDirPath = "";
			projectRoot = "";
			targets = (
				473387761CFB886100FB8D19 /* storageApp */,
			);
		};
/* End PBXProject section */

/* Begin PBXResourcesBuildPhase section */
		473387751CFB886100FB8D19 /* Resources */ = {
			isa = PBXResourcesBuildPhase;
			buildActionMask = 2147483647;
			files = (
				473387851CFB886200FB8D19 /* LaunchScreen.storyboard in Resources */,
				473387821CFB886200FB8D19 /* Assets.xcassets in Resources */,
				473387801CFB886200FB8D19 /* Main.storyboard in Resources */,
			);
			runOnlyForDeploymentPostprocessing = 0;
		};
/* End PBXResourcesBuildPhase section */

/* Begin PBXSourcesBuildPhase section */
		473387731CFB886100FB8D19 /* Sources */ = {
			isa = PBXSourcesBuildPhase;
			buildActionMask = 2147483647;
			files = (
				4733877D1CFB886200FB8D19 /* ViewController.swift in Sources */,
				4733877B1CFB886200FB8D19 /* AppDelegate.swift in Sources */,
			);
			runOnlyForDeploymentPostprocessing = 0;
		};
/* End PBXSourcesBuildPhase section */

/* Begin PBXVariantGroup section */
		4733877E1CFB886200FB8D19 /* Main.storyboard */ = {
			isa = PBXVariantGroup;
			children = (
				4733877F1CFB886200FB8D19 /* Base */,
			);
			name = Main.storyboard;
			sourceTree = "<group>";
		};
		473387831CFB886200FB8D19 /* LaunchScreen.storyboard */ = {
			isa = PBXVariantGroup;
			children = (
				473387841CFB886200FB8D19 /* Base */,
			);
			name = LaunchScreen.storyboard;
			sourceTree = "<group>";
		};
/* End PBXVariantGroup section */

/* Begin XCBuildConfiguration section */
		473387871CFB886200FB8D19 /* Debug */ = {
			isa = XCBuildConfiguration;
			buildSettings = {
				ALWAYS_SEARCH_USER_PATHS = NO;
				CLANG_ANALYZER_NONNULL = YES;
				CLANG_CXX_LANGUAGE_STANDARD = "gnu++0x";
				CLANG_CXX_LIBRARY = "libc++";
				CLANG_ENABLE_MODULES = YES;
				CLANG_ENABLE_OBJC_ARC = YES;
				CLANG_WARN_BOOL_CONVERSION = YES;
				CLANG_WARN_CONSTANT_CONVERSION = YES;
				CLANG_WARN_DIRECT_OBJC_ISA_USAGE = YES_ERROR;
				CLANG_WARN_EMPTY_BODY = YES;
				CLANG_WARN_ENUM_CONVERSION = YES;
				CLANG_WARN_INT_CONVERSION = YES;
				CLANG_WARN_OBJC_ROOT_CLASS = YES_ERROR;
				CLANG_WARN_UNREACHABLE_CODE = YES;
				CLANG_WARN__DUPLICATE_METHOD_MATCH = YES;
				"CODE_SIGN_IDENTITY[sdk=iphoneos*]" = "iPhone Developer";
				COPY_PHASE_STRIP = NO;
				DEBUG_INFORMATION_FORMAT = dwarf;
				ENABLE_STRICT_OBJC_MSGSEND = YES;
				ENABLE_TESTABILITY = YES;
				GCC_C_LANGUAGE_STANDARD = gnu99;
				GCC_DYNAMIC_NO_PIC = NO;
				GCC_NO_COMMON_BLOCKS = YES;
				GCC_OPTIMIZATION_LEVEL = 0;
				GCC_PREPROCESSOR_DEFINITIONS = (
					"DEBUG=1",
					"$(inherited)",
				);
				GCC_WARN_64_TO_32_BIT_CONVERSION = YES;
				GCC_WARN_ABOUT_RETURN_TYPE = YES_ERROR;
				GCC_WARN_UNDECLARED_SELECTOR = YES;
				GCC_WARN_UNINITIALIZED_AUTOS = YES_AGGRESSIVE;
				GCC_WARN_UNUSED_FUNCTION = YES;
				GCC_WARN_UNUSED_VARIABLE = YES;
				IPHONEOS_DEPLOYMENT_TARGET = 9.3;
				MTL_ENABLE_DEBUG_INFO = YES;
				ONLY_ACTIVE_ARCH = YES;
				SDKROOT = iphoneos;
				SWIFT_OPTIMIZATION_LEVEL = "-Onone";
			};
			name = Debug;
		};
		473387881CFB886200FB8D19 /* Release */ = {
			isa = XCBuildConfiguration;
			buildSettings = {
				ALWAYS_SEARCH_USER_PATHS = NO;
				CLANG_ANALYZER_NONNULL = YES;
				CLANG_CXX_LANGUAGE_STANDARD = "gnu++0x";
				CLANG_CXX_LIBRARY = "libc++";
				CLANG_ENABLE_MODULES = YES;
				CLANG_ENABLE_OBJC_ARC = YES;
				CLANG_WARN_BOOL_CONVERSION = YES;
				CLANG_WARN_CONSTANT_CONVERSION = YES;
				CLANG_WARN_DIRECT_OBJC_ISA_USAGE = YES_ERROR;
				CLANG_WARN_EMPTY_BODY = YES;
				CLANG_WARN_ENUM_CONVERSION = YES;
				CLANG_WARN_INT_CONVERSION = YES;
				CLANG_WARN_OBJC_ROOT_CLASS = YES_ERROR;
				CLANG_WARN_UNREACHABLE_CODE = YES;
				CLANG_WARN__DUPLICATE_METHOD_MATCH = YES;
				"CODE_SIGN_IDENTITY[sdk=iphoneos*]" = "iPhone Developer";
				COPY_PHASE_STRIP = NO;
				DEBUG_INFORMATION_FORMAT = "dwarf-with-dsym";
				ENABLE_NS_ASSERTIONS = NO;
				ENABLE_STRICT_OBJC_MSGSEND = YES;
				GCC_C_LANGUAGE_STANDARD = gnu99;
				GCC_NO_COMMON_BLOCKS = YES;
				GCC_WARN_64_TO_32_BIT_CONVERSION = YES;
				GCC_WARN_ABOUT_RETURN_TYPE = YES_ERROR;
				GCC_WARN_UNDECLARED_SELECTOR = YES;
				GCC_WARN_UNINITIALIZED_AUTOS = YES_AGGRESSIVE;
				GCC_WARN_UNUSED_FUNCTION = YES;
				GCC_WARN_UNUSED_VARIABLE = YES;
				IPHONEOS_DEPLOYMENT_TARGET = 9.3;
				MTL_ENABLE_DEBUG_INFO = NO;
				SDKROOT = iphoneos;
				VALIDATE_PRODUCT = YES;
			};
			name = Release;
		};
		4733878A1CFB886200FB8D19 /* Debug */ = {
			isa = XCBuildConfiguration;
			buildSettings = {
				ASSETCATALOG_COMPILER_APPICON_NAME = AppIcon;
				INFOPLIST_FILE = storageApp/Info.plist;
				LD_RUNPATH_SEARCH_PATHS = "$(inherited) @executable_path/Frameworks";
				PRODUCT_BUNDLE_IDENTIFIER = com.brockoberhansley.storageApp;
				PRODUCT_NAME = "$(TARGET_NAME)";
			};
			name = Debug;
		};
		4733878B1CFB886200FB8D19 /* Release */ = {
			isa = XCBuildConfiguration;
			buildSettings = {
				ASSETCATALOG_COMPILER_APPICON_NAME = AppIcon;
				INFOPLIST_FILE = storageApp/Info.plist;
				LD_RUNPATH_SEARCH_PATHS = "$(inherited) @executable_path/Frameworks";
				PRODUCT_BUNDLE_IDENTIFIER = com.brockoberhansley.storageApp;
				PRODUCT_NAME = "$(TARGET_NAME)";
			};
			name = Release;
		};
/* End XCBuildConfiguration section */

/* Begin XCConfigurationList section */
		473387721CFB886100FB8D19 /* Build configuration list for PBXProject "storageApp" */ = {
			isa = XCConfigurationList;
			buildConfigurations = (
				473387871CFB886200FB8D19 /* Debug */,
				473387881CFB886200FB8D19 /* Release */,
			);
			defaultConfigurationIsVisible = 0;
			defaultConfigurationName = Release;
		};
		473387891CFB886200FB8D19 /* Build configuration list for PBXNativeTarget "storageApp" */ = {
			isa = XCConfigurationList;
			buildConfigurations = (
				4733878A1CFB886200FB8D19 /* Debug */,
				4733878B1CFB886200FB8D19 /* Release */,
			);
			defaultConfigurationIsVisible = 0;
		};
/* End XCConfigurationList section */
	};
	rootObject = 4733876F1CFB886100FB8D19 /* Project object */;
}
